
Microsoft Visual Studio Solution File, Format Version 12.00
# Visual Studio Version 17
VisualStudioVersion = 17.0.31903.59
MinimumVisualStudioVersion = 10.0.40219.1
Project("{FAE04EC0-301F-11D3-BF4B-00C04F79EFBC}") = "Web", "Web\Web.csproj", "{C3F36217-1890-4676-8627-10E7A5618D55}"
EndProject
Project("{FAE04EC0-301F-11D3-BF4B-00C04F79EFBC}") = "Service", "Service\Service.csproj", "{35269B77-D100-41D9-B040-8FACC0F9D3D0}"
EndProject
Project("{FAE04EC0-301F-11D3-BF4B-00C04F79EFBC}") = "Service.Interface", "Service.Interface\Service.Interface.csproj", "{F4E8640D-C750-48BF-9AE8-8F505EC42D33}"
EndProject
Project("{FAE04EC0-301F-11D3-BF4B-00C04F79EFBC}") = "Repository", "Repository\Repository.csproj", "{6C09F6E2-5FC8-4DE9-9D7B-7841AD225AC5}"
EndProject
Project("{FAE04EC0-301F-11D3-BF4B-00C04F79EFBC}") = "Repository.Interface", "Repository.Interface\Repository.Interface.csproj", "{2F1BBAC5-C482-45DE-815E-55591E24EE5D}"
EndProject
Global
	GlobalSection(SolutionConfigurationPlatforms) = preSolution
		Debug|Any CPU = Debug|Any CPU
		Release|Any CPU = Release|Any CPU
	EndGlobalSection
	GlobalSection(ProjectConfigurationPlatforms) = postSolution
		{C3F36217-1890-4676-8627-10E7A5618D55}.Debug|Any CPU.ActiveCfg = Debug|Any CPU
		{C3F36217-1890-4676-8627-10E7A5618D55}.Debug|Any CPU.Build.0 = Debug|Any CPU
		{C3F36217-1890-4676-8627-10E7A5618D55}.Release|Any CPU.ActiveCfg = Release|Any CPU
		{C3F36217-1890-4676-8627-10E7A5618D55}.Release|Any CPU.Build.0 = Release|Any CPU
		{35269B77-D100-41D9-B040-8FACC0F9D3D0}.Debug|Any CPU.ActiveCfg = Debug|Any CPU
		{35269B77-D100-41D9-B040-8FACC0F9D3D0}.Debug|Any CPU.Build.0 = Debug|Any CPU
		{35269B77-D100-41D9-B040-8FACC0F9D3D0}.Release|Any CPU.ActiveCfg = Release|Any CPU
		{35269B77-D100-41D9-B040-8FACC0F9D3D0}.Release|Any CPU.Build.0 = Release|Any CPU
		{F4E8640D-C750-48BF-9AE8-8F505EC42D33}.Debug|Any CPU.ActiveCfg = Debug|Any CPU
		{F4E8640D-C750-48BF-9AE8-8F505EC42D33}.Debug|Any CPU.Build.0 = Debug|Any CPU
		{F4E8640D-C750-48BF-9AE8-8F505EC42D33}.Release|Any CPU.ActiveCfg = Release|Any CPU
		{F4E8640D-C750-48BF-9AE8-8F505EC42D33}.Release|Any CPU.Build.0 = Release|Any CPU
		{6C09F6E2-5FC8-4DE9-9D7B-7841AD225AC5}.Debug|Any CPU.ActiveCfg = Debug|Any CPU
		{6C09F6E2-5FC8-4DE9-9D7B-7841AD225AC5}.Debug|Any CPU.Build.0 = Debug|Any CPU
		{6C09F6E2-5FC8-4DE9-9D7B-7841AD225AC5}.Release|Any CPU.ActiveCfg = Release|Any CPU
		{6C09F6E2-5FC8-4DE9-9D7B-7841AD225AC5}.Release|Any CPU.Build.0 = Release|Any CPU
		{2F1BBAC5-C482-45DE-815E-55591E24EE5D}.Debug|Any CPU.ActiveCfg = Debug|Any CPU
		{2F1BBAC5-C482-45DE-815E-55591E24EE5D}.Debug|Any CPU.Build.0 = Debug|Any CPU
		{2F1BBAC5-C482-45DE-815E-55591E24EE5D}.Release|Any CPU.ActiveCfg = Release|Any CPU
		{2F1BBAC5-C482-45DE-815E-55591E24EE5D}.Release|Any CPU.Build.0 = Release|Any CPU
	EndGlobalSection
	GlobalSection(SolutionProperties) = preSolution
		HideSolutionNode = FALSE
	EndGlobalSection
	GlobalSection(ExtensibilityGlobals) = postSolution
		SolutionGuid = {9B1853C7-7664-431F-80D6-E846C9503A16}
	EndGlobalSection
EndGlobal
